
Microsoft Visual Studio Solution File, Format Version 12.00
# Visual Studio Version 16
VisualStudioVersion = 16.0.30523.141
MinimumVisualStudioVersion = 10.0.40219.1
Project("{FAE04EC0-301F-11D3-BF4B-00C04F79EFBC}") = "Swagbucks", "Swagbucks.csproj", "{77828369-5ACD-4ECD-9248-8E7B7FEAE031}"
EndProject
Global
	GlobalSection(SolutionConfigurationPlatforms) = preSolution
		Debug|Any CPU = Debug|Any CPU
		Release|Any CPU = Release|Any CPU
	EndGlobalSection
	GlobalSection(ProjectConfigurationPlatforms) = postSolution
		{77828369-5ACD-4ECD-9248-8E7B7FEAE031}.Debug|Any CPU.ActiveCfg = Debug|Any CPU
		{77828369-5ACD-4ECD-9248-8E7B7FEAE031}.Debug|Any CPU.Build.0 = Debug|Any CPU
		{77828369-5ACD-4ECD-9248-8E7B7FEAE031}.Release|Any CPU.ActiveCfg = Release|Any CPU
		{77828369-5ACD-4ECD-9248-8E7B7FEAE031}.Release|Any CPU.Build.0 = Release|Any CPU
	EndGlobalSection
	GlobalSection(SolutionProperties) = preSolution
		HideSolutionNode = FALSE
	EndGlobalSection
	GlobalSection(ExtensibilityGlobals) = postSolution
		SolutionGuid = {A18966D2-F7E9-46C6-9866-3D2B9AB2A252}
	EndGlobalSection
EndGlobal
